// !$*UTF8*$!
{
	archiveVersion = 1;
	classes = {
	};
	objectVersion = 46;
	objects = {

/* Begin PBXBuildFile section */
		5D8699CA1BC15FC3000E0378 /* AppDelegate.swift in Sources */ = {isa = PBXBuildFile; fileRef = 5D8699C91BC15FC3000E0378 /* AppDelegate.swift */; };
		5D8699CC1BC15FC3000E0378 /* ViewController.swift in Sources */ = {isa = PBXBuildFile; fileRef = 5D8699CB1BC15FC3000E0378 /* ViewController.swift */; };
		5D8699CF1BC15FC3000E0378 /* Main.storyboard in Resources */ = {isa = PBXBuildFile; fileRef = 5D8699CD1BC15FC3000E0378 /* Main.storyboard */; };
		5D8699D11BC15FC3000E0378 /* Assets.xcassets in Resources */ = {isa = PBXBuildFile; fileRef = 5D8699D01BC15FC3000E0378 /* Assets.xcassets */; };
		5D8699D41BC15FC3000E0378 /* LaunchScreen.storyboard in Resources */ = {isa = PBXBuildFile; fileRef = 5D8699D21BC15FC3000E0378 /* LaunchScreen.storyboard */; };
		5D8699DF1BC15FC3000E0378 /* SmileCallTests.swift in Sources */ = {isa = PBXBuildFile; fileRef = 5D8699DE1BC15FC3000E0378 /* SmileCallTests.swift */; };
		5D8699EA1BC15FC4000E0378 /* SmileCallUITests.swift in Sources */ = {isa = PBXBuildFile; fileRef = 5D8699E91BC15FC4000E0378 /* SmileCallUITests.swift */; };
/* End PBXBuildFile section */

/* Begin PBXContainerItemProxy section */
		5D8699DB1BC15FC3000E0378 /* PBXContainerItemProxy */ = {
			isa = PBXContainerItemProxy;
			containerPortal = 5D8699BE1BC15FC3000E0378 /* Project object */;
			proxyType = 1;
			remoteGlobalIDString = 5D8699C51BC15FC3000E0378;
			remoteInfo = SmileCall;
		};
		5D8699E61BC15FC4000E0378 /* PBXContainerItemProxy */ = {
			isa = PBXContainerItemProxy;
			containerPortal = 5D8699BE1BC15FC3000E0378 /* Project object */;
			proxyType = 1;
			remoteGlobalIDString = 5D8699C51BC15FC3000E0378;
			remoteInfo = SmileCall;
		};
/* End PBXContainerItemProxy section */

/* Begin PBXFileReference section */
		5D8699C61BC15FC3000E0378 /* SmileCall.app */ = {isa = PBXFileReference; explicitFileType = wrapper.application; includeInIndex = 0; path = SmileCall.app; sourceTree = BUILT_PRODUCTS_DIR; };
		5D8699C91BC15FC3000E0378 /* AppDelegate.swift */ = {isa = PBXFileReference; lastKnownFileType = sourcecode.swift; path = AppDelegate.swift; sourceTree = "<group>"; };
		5D8699CB1BC15FC3000E0378 /* ViewController.swift */ = {isa = PBXFileReference; lastKnownFileType = sourcecode.swift; path = ViewController.swift; sourceTree = "<group>"; };
		5D8699CE1BC15FC3000E0378 /* Base */ = {isa = PBXFileReference; lastKnownFileType = file.storyboard; name = Base; path = Base.lproj/Main.storyboard; sourceTree = "<group>"; };
		5D8699D01BC15FC3000E0378 /* Assets.xcassets */ = {isa = PBXFileReference; lastKnownFileType = folder.assetcatalog; path = Assets.xcassets; sourceTree = "<group>"; };
		5D8699D31BC15FC3000E0378 /* Base */ = {isa = PBXFileReference; lastKnownFileType = file.storyboard; name = Base; path = Base.lproj/LaunchScreen.storyboard; sourceTree = "<group>"; };
		5D8699D51BC15FC3000E0378 /* Info.plist */ = {isa = PBXFileReference; lastKnownFileType = text.plist.xml; path = Info.plist; sourceTree = "<group>"; };
		5D8699DA1BC15FC3000E0378 /* SmileCallTests.xctest */ = {isa = PBXFileReference; explicitFileType = wrapper.cfbundle; includeInIndex = 0; path = SmileCallTests.xctest; sourceTree = BUILT_PRODUCTS_DIR; };
		5D8699DE1BC15FC3000E0378 /* SmileCallTests.swift */ = {isa = PBXFileReference; lastKnownFileType = sourcecode.swift; path = SmileCallTests.swift; sourceTree = "<group>"; };
		5D8699E01BC15FC3000E0378 /* Info.plist */ = {isa = PBXFileReference; lastKnownFileType = text.plist.xml; path = Info.plist; sourceTree = "<group>"; };
		5D8699E51BC15FC4000E0378 /* SmileCallUITests.xctest */ = {isa = PBXFileReference; explicitFileType = wrapper.cfbundle; includeInIndex = 0; path = SmileCallUITests.xctest; sourceTree = BUILT_PRODUCTS_DIR; };
		5D8699E91BC15FC4000E0378 /* SmileCallUITests.swift */ = {isa = PBXFileReference; lastKnownFileType = sourcecode.swift; path = SmileCallUITests.swift; sourceTree = "<group>"; };
		5D8699EB1BC15FC4000E0378 /* Info.plist */ = {isa = PBXFileReference; lastKnownFileType = text.plist.xml; path = Info.plist; sourceTree = "<group>"; };
/* End PBXFileReference section */

/* Begin PBXFrameworksBuildPhase section */
		5D8699C31BC15FC3000E0378 /* Frameworks */ = {
			isa = PBXFrameworksBuildPhase;
			buildActionMask = 2147483647;
			files = (
			);
			runOnlyForDeploymentPostprocessing = 0;
		};
		5D8699D71BC15FC3000E0378 /* Frameworks */ = {
			isa = PBXFrameworksBuildPhase;
			buildActionMask = 2147483647;
			files = (
			);
			runOnlyForDeploymentPostprocessing = 0;
		};
		5D8699E21BC15FC4000E0378 /* Frameworks */ = {
			isa = PBXFrameworksBuildPhase;
			buildActionMask = 2147483647;
			files = (
			);
			runOnlyForDeploymentPostprocessing = 0;
		};
/* End PBXFrameworksBuildPhase section */

/* Begin PBXGroup section */
		5D8699BD1BC15FC3000E0378 = {
			isa = PBXGroup;
			children = (
				5D8699C81BC15FC3000E0378 /* SmileCall */,
				5D8699DD1BC15FC3000E0378 /* SmileCallTests */,
				5D8699E81BC15FC4000E0378 /* SmileCallUITests */,
				5D8699C71BC15FC3000E0378 /* Products */,
			);
			sourceTree = "<group>";
		};
		5D8699C71BC15FC3000E0378 /* Products */ = {
			isa = PBXGroup;
			children = (
				5D8699C61BC15FC3000E0378 /* SmileCall.app */,
				5D8699DA1BC15FC3000E0378 /* SmileCallTests.xctest */,
				5D8699E51BC15FC4000E0378 /* SmileCallUITests.xctest */,
			);
			name = Products;
			sourceTree = "<group>";
		};
		5D8699C81BC15FC3000E0378 /* SmileCall */ = {
			isa = PBXGroup;
			children = (
				5D8699C91BC15FC3000E0378 /* AppDelegate.swift */,
				5D8699CB1BC15FC3000E0378 /* ViewController.swift */,
				5D8699CD1BC15FC3000E0378 /* Main.storyboard */,
				5D8699D01BC15FC3000E0378 /* Assets.xcassets */,
				5D8699D21BC15FC3000E0378 /* LaunchScreen.storyboard */,
				5D8699D51BC15FC3000E0378 /* Info.plist */,
			);
			path = SmileCall;
			sourceTree = "<group>";
		};
		5D8699DD1BC15FC3000E0378 /* SmileCallTests */ = {
			isa = PBXGroup;
			children = (
				5D8699DE1BC15FC3000E0378 /* SmileCallTests.swift */,
				5D8699E01BC15FC3000E0378 /* Info.plist */,
			);
			path = SmileCallTests;
			sourceTree = "<group>";
		};
		5D8699E81BC15FC4000E0378 /* SmileCallUITests */ = {
			isa = PBXGroup;
			children = (
				5D8699E91BC15FC4000E0378 /* SmileCallUITests.swift */,
				5D8699EB1BC15FC4000E0378 /* Info.plist */,
			);
			path = SmileCallUITests;
			sourceTree = "<group>";
		};
/* End PBXGroup section */

/* Begin PBXNativeTarget section */
		5D8699C51BC15FC3000E0378 /* SmileCall */ = {
			isa = PBXNativeTarget;
			buildConfigurationList = 5D8699EE1BC15FC4000E0378 /* Build configuration list for PBXNativeTarget "SmileCall" */;
			buildPhases = (
				5D8699C21BC15FC3000E0378 /* Sources */,
				5D8699C31BC15FC3000E0378 /* Frameworks */,
				5D8699C41BC15FC3000E0378 /* Resources */,
			);
			buildRules = (
			);
			dependencies = (
			);
			name = SmileCall;
			productName = SmileCall;
			productReference = 5D8699C61BC15FC3000E0378 /* SmileCall.app */;
			productType = "com.apple.product-type.application";
		};
		5D8699D91BC15FC3000E0378 /* SmileCallTests */ = {
			isa = PBXNativeTarget;
			buildConfigurationList = 5D8699F11BC15FC4000E0378 /* Build configuration list for PBXNativeTarget "SmileCallTests" */;
			buildPhases = (
				5D8699D61BC15FC3000E0378 /* Sources */,
				5D8699D71BC15FC3000E0378 /* Frameworks */,
				5D8699D81BC15FC3000E0378 /* Resources */,
			);
			buildRules = (
			);
			dependencies = (
				5D8699DC1BC15FC3000E0378 /* PBXTargetDependency */,
			);
			name = SmileCallTests;
			productName = SmileCallTests;
			productReference = 5D8699DA1BC15FC3000E0378 /* SmileCallTests.xctest */;
			productType = "com.apple.product-type.bundle.unit-test";
		};
		5D8699E41BC15FC4000E0378 /* SmileCallUITests */ = {
			isa = PBXNativeTarget;
			buildConfigurationList = 5D8699F41BC15FC4000E0378 /* Build configuration list for PBXNativeTarget "SmileCallUITests" */;
			buildPhases = (
				5D8699E11BC15FC4000E0378 /* Sources */,
				5D8699E21BC15FC4000E0378 /* Frameworks */,
				5D8699E31BC15FC4000E0378 /* Resources */,
			);
			buildRules = (
			);
			dependencies = (
				5D8699E71BC15FC4000E0378 /* PBXTargetDependency */,
			);
			name = SmileCallUITests;
			productName = SmileCallUITests;
			productReference = 5D8699E51BC15FC4000E0378 /* SmileCallUITests.xctest */;
			productType = "com.apple.product-type.bundle.ui-testing";
		};
/* End PBXNativeTarget section */

/* Begin PBXProject section */
		5D8699BE1BC15FC3000E0378 /* Project object */ = {
			isa = PBXProject;
			attributes = {
				LastUpgradeCheck = 0700;
				ORGANIZATIONNAME = FrontU;
				TargetAttributes = {
					5D8699C51BC15FC3000E0378 = {
						CreatedOnToolsVersion = 7.0.1;
						DevelopmentTeam = P4U397K6HE;
					};
					5D8699D91BC15FC3000E0378 = {
						CreatedOnToolsVersion = 7.0.1;
						DevelopmentTeam = P4U397K6HE;
						TestTargetID = 5D8699C51BC15FC3000E0378;
					};
					5D8699E41BC15FC4000E0378 = {
						CreatedOnToolsVersion = 7.0.1;
						DevelopmentTeam = P4U397K6HE;
						TestTargetID = 5D8699C51BC15FC3000E0378;
					};
				};
			};
			buildConfigurationList = 5D8699C11BC15FC3000E0378 /* Build configuration list for PBXProject "SmileCall" */;
			compatibilityVersion = "Xcode 3.2";
			developmentRegion = English;
			hasScannedForEncodings = 0;
			knownRegions = (
				en,
				Base,
			);
			mainGroup = 5D8699BD1BC15FC3000E0378;
			productRefGroup = 5D8699C71BC15FC3000E0378 /* Products */;
			projectDirPath = "";
			projectRoot = "";
			targets = (
				5D8699C51BC15FC3000E0378 /* SmileCall */,
				5D8699D91BC15FC3000E0378 /* SmileCallTests */,
				5D8699E41BC15FC4000E0378 /* SmileCallUITests */,
			);
		};
/* End PBXProject section */

/* Begin PBXResourcesBuildPhase section */
		5D8699C41BC15FC3000E0378 /* Resources */ = {
			isa = PBXResourcesBuildPhase;
			buildActionMask = 2147483647;
			files = (
				5D8699D41BC15FC3000E0378 /* LaunchScreen.storyboard in Resources */,
				5D8699D11BC15FC3000E0378 /* Assets.xcassets in Resources */,
				5D8699CF1BC15FC3000E0378 /* Main.storyboard in Resources */,
			);
			runOnlyForDeploymentPostprocessing = 0;
		};
		5D8699D81BC15FC3000E0378 /* Resources */ = {
			isa = PBXResourcesBuildPhase;
			buildActionMask = 2147483647;
			files = (
			);
			runOnlyForDeploymentPostprocessing = 0;
		};
		5D8699E31BC15FC4000E0378 /* Resources */ = {
			isa = PBXResourcesBuildPhase;
			buildActionMask = 2147483647;
			files = (
			);
			runOnlyForDeploymentPostprocessing = 0;
		};
/* End PBXResourcesBuildPhase section */

/* Begin PBXSourcesBuildPhase section */
		5D8699C21BC15FC3000E0378 /* Sources */ = {
			isa = PBXSourcesBuildPhase;
			buildActionMask = 2147483647;
			files = (
				5D8699CC1BC15FC3000E0378 /* ViewController.swift in Sources */,
				5D8699CA1BC15FC3000E0378 /* AppDelegate.swift in Sources */,
			);
			runOnlyForDeploymentPostprocessing = 0;
		};
		5D8699D61BC15FC3000E0378 /* Sources */ = {
			isa = PBXSourcesBuildPhase;
			buildActionMask = 2147483647;
			files = (
				5D8699DF1BC15FC3000E0378 /* SmileCallTests.swift in Sources */,
			);
			runOnlyForDeploymentPostprocessing = 0;
		};
		5D8699E11BC15FC4000E0378 /* Sources */ = {
			isa = PBXSourcesBuildPhase;
			buildActionMask = 2147483647;
			files = (
				5D8699EA1BC15FC4000E0378 /* SmileCallUITests.swift in Sources */,
			);
			runOnlyForDeploymentPostprocessing = 0;
		};
/* End PBXSourcesBuildPhase section */

/* Begin PBXTargetDependency section */
		5D8699DC1BC15FC3000E0378 /* PBXTargetDependency */ = {
			isa = PBXTargetDependency;
			target = 5D8699C51BC15FC3000E0378 /* SmileCall */;
			targetProxy = 5D8699DB1BC15FC3000E0378 /* PBXContainerItemProxy */;
		};
		5D8699E71BC15FC4000E0378 /* PBXTargetDependency */ = {
			isa = PBXTargetDependency;
			target = 5D8699C51BC15FC3000E0378 /* SmileCall */;
			targetProxy = 5D8699E61BC15FC4000E0378 /* PBXContainerItemProxy */;
		};
/* End PBXTargetDependency section */

/* Begin PBXVariantGroup section */
		5D8699CD1BC15FC3000E0378 /* Main.storyboard */ = {
			isa = PBXVariantGroup;
			children = (
				5D8699CE1BC15FC3000E0378 /* Base */,
			);
			name = Main.storyboard;
			sourceTree = "<group>";
		};
		5D8699D21BC15FC3000E0378 /* LaunchScreen.storyboard */ = {
			isa = PBXVariantGroup;
			children = (
				5D8699D31BC15FC3000E0378 /* Base */,
			);
			name = LaunchScreen.storyboard;
			sourceTree = "<group>";
		};
/* End PBXVariantGroup section */

/* Begin XCBuildConfiguration section */
		5D8699EC1BC15FC4000E0378 /* Debug */ = {
			isa = XCBuildConfiguration;
			buildSettings = {
				ALWAYS_SEARCH_USER_PATHS = NO;
				CLANG_CXX_LANGUAGE_STANDARD = "gnu++0x";
				CLANG_CXX_LIBRARY = "libc++";
				CLANG_ENABLE_MODULES = YES;
				CLANG_ENABLE_OBJC_ARC = YES;
				CLANG_WARN_BOOL_CONVERSION = YES;
				CLANG_WARN_CONSTANT_CONVERSION = YES;
				CLANG_WARN_DIRECT_OBJC_ISA_USAGE = YES_ERROR;
				CLANG_WARN_EMPTY_BODY = YES;
				CLANG_WARN_ENUM_CONVERSION = YES;
				CLANG_WARN_INT_CONVERSION = YES;
				CLANG_WARN_OBJC_ROOT_CLASS = YES_ERROR;
				CLANG_WARN_UNREACHABLE_CODE = YES;
				CLANG_WARN__DUPLICATE_METHOD_MATCH = YES;
				"CODE_SIGN_IDENTITY[sdk=iphoneos*]" = "iPhone Developer";
				COPY_PHASE_STRIP = NO;
				DEBUG_INFORMATION_FORMAT = dwarf;
				ENABLE_STRICT_OBJC_MSGSEND = YES;
				ENABLE_TESTABILITY = YES;
				GCC_C_LANGUAGE_STANDARD = gnu99;
				GCC_DYNAMIC_NO_PIC = NO;
				GCC_NO_COMMON_BLOCKS = YES;
				GCC_OPTIMIZATION_LEVEL = 0;
				GCC_PREPROCESSOR_DEFINITIONS = (
					"DEBUG=1",
					"$(inherited)",
				);
				GCC_WARN_64_TO_32_BIT_CONVERSION = YES;
				GCC_WARN_ABOUT_RETURN_TYPE = YES_ERROR;
				GCC_WARN_UNDECLARED_SELECTOR = YES;
				GCC_WARN_UNINITIALIZED_AUTOS = YES_AGGRESSIVE;
				GCC_WARN_UNUSED_FUNCTION = YES;
				GCC_WARN_UNUSED_VARIABLE = YES;
				IPHONEOS_DEPLOYMENT_TARGET = 9.0;
				MTL_ENABLE_DEBUG_INFO = YES;
				ONLY_ACTIVE_ARCH = YES;
				SDKROOT = iphoneos;
				SWIFT_OPTIMIZATION_LEVEL = "-Onone";
			};
			name = Debug;
		};
		5D8699ED1BC15FC4000E0378 /* Release */ = {
			isa = XCBuildConfiguration;
			buildSettings = {
				ALWAYS_SEARCH_USER_PATHS = NO;
				CLANG_CXX_LANGUAGE_STANDARD = "gnu++0x";
				CLANG_CXX_LIBRARY = "libc++";
				CLANG_ENABLE_MODULES = YES;
				CLANG_ENABLE_OBJC_ARC = YES;
				CLANG_WARN_BOOL_CONVERSION = YES;
				CLANG_WARN_CONSTANT_CONVERSION = YES;
				CLANG_WARN_DIRECT_OBJC_ISA_USAGE = YES_ERROR;
				CLANG_WARN_EMPTY_BODY = YES;
				CLANG_WARN_ENUM_CONVERSION = YES;
				CLANG_WARN_INT_CONVERSION = YES;
				CLANG_WARN_OBJC_ROOT_CLASS = YES_ERROR;
				CLANG_WARN_UNREACHABLE_CODE = YES;
				CLANG_WARN__DUPLICATE_METHOD_MATCH = YES;
				"CODE_SIGN_IDENTITY[sdk=iphoneos*]" = "iPhone Developer";
				COPY_PHASE_STRIP = NO;
				DEBUG_INFORMATION_FORMAT = "dwarf-with-dsym";
				ENABLE_NS_ASSERTIONS = NO;
				ENABLE_STRICT_OBJC_MSGSEND = YES;
				GCC_C_LANGUAGE_STANDARD = gnu99;
				GCC_NO_COMMON_BLOCKS = YES;
				GCC_WARN_64_TO_32_BIT_CONVERSION = YES;
				GCC_WARN_ABOUT_RETURN_TYPE = YES_ERROR;
				GCC_WARN_UNDECLARED_SELECTOR = YES;
				GCC_WARN_UNINITIALIZED_AUTOS = YES_AGGRESSIVE;
				GCC_WARN_UNUSED_FUNCTION = YES;
				GCC_WARN_UNUSED_VARIABLE = YES;
				IPHONEOS_DEPLOYMENT_TARGET = 9.0;
				MTL_ENABLE_DEBUG_INFO = NO;
				SDKROOT = iphoneos;
				VALIDATE_PRODUCT = YES;
			};
			name = Release;
		};
		5D8699EF1BC15FC4000E0378 /* Debug */ = {
			isa = XCBuildConfiguration;
			buildSettings = {
				ASSETCATALOG_COMPILER_APPICON_NAME = AppIcon;
				INFOPLIST_FILE = SmileCall/Info.plist;
				LD_RUNPATH_SEARCH_PATHS = "$(inherited) @executable_path/Frameworks";
				PRODUCT_BUNDLE_IDENTIFIER = FrontU.SmileCall;
				PRODUCT_NAME = "$(TARGET_NAME)";
			};
			name = Debug;
		};
		5D8699F01BC15FC4000E0378 /* Release */ = {
			isa = XCBuildConfiguration;
			buildSettings = {
				ASSETCATALOG_COMPILER_APPICON_NAME = AppIcon;
				INFOPLIST_FILE = SmileCall/Info.plist;
				LD_RUNPATH_SEARCH_PATHS = "$(inherited) @executable_path/Frameworks";
				PRODUCT_BUNDLE_IDENTIFIER = FrontU.SmileCall;
				PRODUCT_NAME = "$(TARGET_NAME)";
			};
			name = Release;
		};
		5D8699F21BC15FC4000E0378 /* Debug */ = {
			isa = XCBuildConfiguration;
			buildSettings = {
				BUNDLE_LOADER = "$(TEST_HOST)";
				INFOPLIST_FILE = SmileCallTests/Info.plist;
				LD_RUNPATH_SEARCH_PATHS = "$(inherited) @executable_path/Frameworks @loader_path/Frameworks";
				PRODUCT_BUNDLE_IDENTIFIER = FrontU.SmileCallTests;
				PRODUCT_NAME = "$(TARGET_NAME)";
				TEST_HOST = "$(BUILT_PRODUCTS_DIR)/SmileCall.app/SmileCall";
			};
			name = Debug;
		};
		5D8699F31BC15FC4000E0378 /* Release */ = {
			isa = XCBuildConfiguration;
			buildSettings = {
				BUNDLE_LOADER = "$(TEST_HOST)";
				INFOPLIST_FILE = SmileCallTests/Info.plist;
				LD_RUNPATH_SEARCH_PATHS = "$(inherited) @executable_path/Frameworks @loader_path/Frameworks";
				PRODUCT_BUNDLE_IDENTIFIER = FrontU.SmileCallTests;
				PRODUCT_NAME = "$(TARGET_NAME)";
				TEST_HOST = "$(BUILT_PRODUCTS_DIR)/SmileCall.app/SmileCall";
			};
			name = Release;
		};
		5D8699F51BC15FC4000E0378 /* Debug */ = {
			isa = XCBuildConfiguration;
			buildSettings = {
				INFOPLIST_FILE = SmileCallUITests/Info.plist;
				LD_RUNPATH_SEARCH_PATHS = "$(inherited) @executable_path/Frameworks @loader_path/Frameworks";
				PRODUCT_BUNDLE_IDENTIFIER = FrontU.SmileCallUITests;
				PRODUCT_NAME = "$(TARGET_NAME)";
				TEST_TARGET_NAME = SmileCall;
				USES_XCTRUNNER = YES;
			};
			name = Debug;
		};
		5D8699F61BC15FC4000E0378 /* Release */ = {
			isa = XCBuildConfiguration;
			buildSettings = {
				INFOPLIST_FILE = SmileCallUITests/Info.plist;
				LD_RUNPATH_SEARCH_PATHS = "$(inherited) @executable_path/Frameworks @loader_path/Frameworks";
				PRODUCT_BUNDLE_IDENTIFIER = FrontU.SmileCallUITests;
				PRODUCT_NAME = "$(TARGET_NAME)";
				TEST_TARGET_NAME = SmileCall;
				USES_XCTRUNNER = YES;
			};
			name = Release;
		};
/* End XCBuildConfiguration section */

/* Begin XCConfigurationList section */
		5D8699C11BC15FC3000E0378 /* Build configuration list for PBXProject "SmileCall" */ = {
			isa = XCConfigurationList;
			buildConfigurations = (
				5D8699EC1BC15FC4000E0378 /* Debug */,
				5D8699ED1BC15FC4000E0378 /* Release */,
			);
			defaultConfigurationIsVisible = 0;
			defaultConfigurationName = Release;
		};
		5D8699EE1BC15FC4000E0378 /* Build configuration list for PBXNativeTarget "SmileCall" */ = {
			isa = XCConfigurationList;
			buildConfigurations = (
				5D8699EF1BC15FC4000E0378 /* Debug */,
				5D8699F01BC15FC4000E0378 /* Release */,
			);
			defaultConfigurationIsVisible = 0;
		};
		5D8699F11BC15FC4000E0378 /* Build configuration list for PBXNativeTarget "SmileCallTests" */ = {
			isa = XCConfigurationList;
			buildConfigurations = (
				5D8699F21BC15FC4000E0378 /* Debug */,
				5D8699F31BC15FC4000E0378 /* Release */,
			);
			defaultConfigurationIsVisible = 0;
		};
		5D8699F41BC15FC4000E0378 /* Build configuration list for PBXNativeTarget "SmileCallUITests" */ = {
			isa = XCConfigurationList;
			buildConfigurations = (
				5D8699F51BC15FC4000E0378 /* Debug */,
				5D8699F61BC15FC4000E0378 /* Release */,
			);
			defaultConfigurationIsVisible = 0;
		};
/* End XCConfigurationList section */
	};
	rootObject = 5D8699BE1BC15FC3000E0378 /* Project object */;
}
